
Microsoft Visual Studio Solution File, Format Version 12.00
# Visual Studio Version 17
VisualStudioVersion = 17.8.34408.163
MinimumVisualStudioVersion = 10.0.40219.1
Project("{9A19103F-16F7-4668-BE54-9A1E7A4F7556}") = "Mission2-DiceRolls", "Mission2-DiceRolls.csproj", "{25B51267-8DAE-4668-B84C-B25FD026352A}"
EndProject
Global
	GlobalSection(SolutionConfigurationPlatforms) = preSolution
		Debug|Any CPU = Debug|Any CPU
		Release|Any CPU = Release|Any CPU
	EndGlobalSection
	GlobalSection(ProjectConfigurationPlatforms) = postSolution
		{25B51267-8DAE-4668-B84C-B25FD026352A}.Debug|Any CPU.ActiveCfg = Debug|Any CPU
		{25B51267-8DAE-4668-B84C-B25FD026352A}.Debug|Any CPU.Build.0 = Debug|Any CPU
		{25B51267-8DAE-4668-B84C-B25FD026352A}.Release|Any CPU.ActiveCfg = Release|Any CPU
		{25B51267-8DAE-4668-B84C-B25FD026352A}.Release|Any CPU.Build.0 = Release|Any CPU
	EndGlobalSection
	GlobalSection(SolutionProperties) = preSolution
		HideSolutionNode = FALSE
	EndGlobalSection
	GlobalSection(ExtensibilityGlobals) = postSolution
		SolutionGuid = {13869562-7D99-4C6C-ABD5-1C6F52905226}
	EndGlobalSection
EndGlobal
